
Microsoft Visual Studio Solution File, Format Version 12.00
# Visual Studio Version 17
VisualStudioVersion = 17.3.32929.385
MinimumVisualStudioVersion = 10.0.40219.1
Project("{FAE04EC0-301F-11D3-BF4B-00C04F79EFBC}") = "Black jack e", "Black jack e\Black jack e.csproj", "{B1C6E44F-BC5A-4132-8DB7-8C5876FA82C0}"
EndProject
Global
	GlobalSection(SolutionConfigurationPlatforms) = preSolution
		Debug|Any CPU = Debug|Any CPU
		Release|Any CPU = Release|Any CPU
	EndGlobalSection
	GlobalSection(ProjectConfigurationPlatforms) = postSolution
		{B1C6E44F-BC5A-4132-8DB7-8C5876FA82C0}.Debug|Any CPU.ActiveCfg = Debug|Any CPU
		{B1C6E44F-BC5A-4132-8DB7-8C5876FA82C0}.Debug|Any CPU.Build.0 = Debug|Any CPU
		{B1C6E44F-BC5A-4132-8DB7-8C5876FA82C0}.Release|Any CPU.ActiveCfg = Release|Any CPU
		{B1C6E44F-BC5A-4132-8DB7-8C5876FA82C0}.Release|Any CPU.Build.0 = Release|Any CPU
	EndGlobalSection
	GlobalSection(SolutionProperties) = preSolution
		HideSolutionNode = FALSE
	EndGlobalSection
	GlobalSection(ExtensibilityGlobals) = postSolution
		SolutionGuid = {7DF382DC-0AAC-460E-9D0C-3A6A0B4602C0}
	EndGlobalSection
EndGlobal
